
Microsoft Visual Studio Solution File, Format Version 12.00
# Visual Studio Version 16
VisualStudioVersion = 16.0.30611.23
MinimumVisualStudioVersion = 10.0.40219.1
Project("{FAE04EC0-301F-11D3-BF4B-00C04F79EFBC}") = "Cwiczenie2", "Cwiczenie2\Cwiczenie2.csproj", "{5C14444A-F4E4-46E3-908E-21D360549C1D}"
EndProject
Global
	GlobalSection(SolutionConfigurationPlatforms) = preSolution
		Debug|Any CPU = Debug|Any CPU
		Release|Any CPU = Release|Any CPU
	EndGlobalSection
	GlobalSection(ProjectConfigurationPlatforms) = postSolution
		{5C14444A-F4E4-46E3-908E-21D360549C1D}.Debug|Any CPU.ActiveCfg = Debug|Any CPU
		{5C14444A-F4E4-46E3-908E-21D360549C1D}.Debug|Any CPU.Build.0 = Debug|Any CPU
		{5C14444A-F4E4-46E3-908E-21D360549C1D}.Release|Any CPU.ActiveCfg = Release|Any CPU
		{5C14444A-F4E4-46E3-908E-21D360549C1D}.Release|Any CPU.Build.0 = Release|Any CPU
	EndGlobalSection
	GlobalSection(SolutionProperties) = preSolution
		HideSolutionNode = FALSE
	EndGlobalSection
	GlobalSection(ExtensibilityGlobals) = postSolution
		SolutionGuid = {164CA009-0659-4079-88C4-FE2B73F0328D}
	EndGlobalSection
EndGlobal
